
Microsoft Visual Studio Solution File, Format Version 12.00
# Visual Studio 15
VisualStudioVersion = 15.0.27703.2042
MinimumVisualStudioVersion = 10.0.40219.1
Project("{FAE04EC0-301F-11D3-BF4B-00C04F79EFBC}") = "conecion a base de datos", "conecion a base de datos\conecion a base de datos.csproj", "{0F43D5DB-4E02-4125-B7AB-5FBF8D2014A8}"
EndProject
Global
	GlobalSection(SolutionConfigurationPlatforms) = preSolution
		Debug|Any CPU = Debug|Any CPU
		Release|Any CPU = Release|Any CPU
	EndGlobalSection
	GlobalSection(ProjectConfigurationPlatforms) = postSolution
		{0F43D5DB-4E02-4125-B7AB-5FBF8D2014A8}.Debug|Any CPU.ActiveCfg = Debug|Any CPU
		{0F43D5DB-4E02-4125-B7AB-5FBF8D2014A8}.Debug|Any CPU.Build.0 = Debug|Any CPU
		{0F43D5DB-4E02-4125-B7AB-5FBF8D2014A8}.Release|Any CPU.ActiveCfg = Release|Any CPU
		{0F43D5DB-4E02-4125-B7AB-5FBF8D2014A8}.Release|Any CPU.Build.0 = Release|Any CPU
	EndGlobalSection
	GlobalSection(SolutionProperties) = preSolution
		HideSolutionNode = FALSE
	EndGlobalSection
	GlobalSection(ExtensibilityGlobals) = postSolution
		SolutionGuid = {C10FB0B6-125F-4BE6-9348-12189B874C6D}
	EndGlobalSection
EndGlobal
